# THIS IS AN AUTOGENERATED FILE. DO NOT EDIT THIS FILE DIRECTLY.
# yarn lockfile v1


"@types/lodash.without@^4.4.7":
  version "4.4.7"
  resolved "https://registry.yarnpkg.com/@types/lodash.without/-/lodash.without-4.4.7.tgz#e1c68ec4610b50de44d5a962ba2ab4c032f43ff8"
  integrity sha512-T5Tfz45ZNn5YyFz8lFdsEN8os5T7BEXGuMCRSzmDavxUGwSOX2ijaOkjicnNlL/l6Hrs6UJPIsHebch3gLnpJg==
  dependencies:
    "@types/lodash" "*"

"@types/lodash@*":
  version "4.14.191"
  resolved "https://registry.yarnpkg.com/@types/lodash/-/lodash-4.14.191.tgz#09511e7f7cba275acd8b419ddac8da9a6a79e2fa"
  integrity sha512-BdZ5BCCvho3EIXw6wUCXHe7rS53AIDPLE+JzwgT+OsJk53oBfbSmZZ7CX4VaRoN78N+TJpFi9QPlfIVNmJYWxQ==

hex-to-hsl@^1.0.2:
  version "1.0.2"
  resolved "https://registry.yarnpkg.com/hex-to-hsl/-/hex-to-hsl-1.0.2.tgz#d5c59ece00178444e821c8fc58a430afc09831c2"
  integrity sha512-7E2WDAXDNb51Ezc+/MyXOt/NbKgk4LPtEHpUBU0McJVF1seFxUhiOQyf9Sv/5NwTQntsEqzevCsv/Y6chOFLvg==
  dependencies:
    hex-to-rgb "^1.0.1"
    rgb-to-hsl "0.0.2"

hex-to-rgb@^1.0.1:
  version "1.0.1"
  resolved "https://registry.yarnpkg.com/hex-to-rgb/-/hex-to-rgb-1.0.1.tgz#100b9df126b32f2762adf8486be68c65ef8ed2a4"
  integrity sha512-2GsESdjpJIrRL8I7iPOp0r0wczJBk++Q/zFrviNaTRPWMIgk5bPqDmKPUvRHN0SZrYT9N1e+xZU1niYJ6QxzMg==

lodash.without@^4.4.0:
  version "4.4.0"
  resolved "https://registry.yarnpkg.com/lodash.without/-/lodash.without-4.4.0.tgz#3cd4574a00b67bae373a94b748772640507b7aac"
  integrity sha512-M3MefBwfDhgKgINVuBJCO1YR3+gf6s9HNJsIiZ/Ru77Ws6uTb9eBuvrkpzO+9iLoAaRodGuq7tyrPCx+74QYGQ==

rgb-to-hsl@0.0.2:
  version "0.0.2"
  resolved "https://registry.yarnpkg.com/rgb-to-hsl/-/rgb-to-hsl-0.0.2.tgz#36f9fc286376b90acc457e699005b4cb42d350ec"
  integrity sha512-92EhT0XUmmC1APQj5NKl3LoNPtZsDBzivTjZAikFuADreIQgqLnJgnnP5gY/mf52UqglAwVDAD/0arY9N35KFg==

typescript@^4.9.4:
  version "4.9.4"
  resolved "https://registry.yarnpkg.com/typescript/-/typescript-4.9.4.tgz#a2a3d2756c079abda241d75f149df9d561091e78"
  integrity sha512-Uz+dTXYzxXXbsFpM86Wh3dKCxrQqUcVMxwU54orwlJjOpO3ao8L7j5lH+dWfTwgCwIuM9GQ2kvVotzYJMXTBZg==
